lockVersion: 2.0.0
id: b0f2b72a-5606-492a-a340-d071130af29a
management:
  docChecksum: 3ec10d093d755188af465ce486e6e107
  docVersion: 1.0.0
  speakeasyVersion: 1.215.1
  generationVersion: 2.286.4
  releaseVersion: 0.14.0
  configChecksum: fb0cb826e6576acaefc90ed9813d39af
  repoURL: https://github.com/speakeasy-sdks/terraform-provider-flawless-airbyte.git
  repoSubDirectory: .
  published: true
features:
  terraform:
    constsAndDefaults: 0.1.4
    core: 3.11.1
    deprecations: 2.81.1
    globalSecurity: 2.81.6
    globalServerURLs: 2.82.1
generatedFiles:
  - internal/sdk/attempt.go
  - internal/sdk/internal.go
  - internal/sdk/connection.go
  - internal/sdk/connectorbuilderproject.go
  - internal/sdk/declarativesourcedefinitions.go
  - internal/sdk/destinationdefinitionspecification.go
  - internal/sdk/destinationdefinition.go
  - internal/sdk/destinationoauth.go
  - internal/sdk/destination.go
  - internal/sdk/health.go
  - internal/sdk/jobs.go
  - internal/sdk/logs.go
  - internal/sdk/notifications.go
  - internal/sdk/openapi.go
  - internal/sdk/operation.go
  - internal/sdk/scheduler.go
  - internal/sdk/sourcedefinitionspecification.go
  - internal/sdk/sourcedefinition.go
  - internal/sdk/sourceoauth.go
  - internal/sdk/source.go
  - internal/sdk/state.go
  - internal/sdk/streamstatuses.go
  - internal/sdk/streams.go
  - internal/sdk/webbackend.go
  - internal/sdk/workspace.go
  - internal/sdk/airbyte.go
  - internal/sdk/models/errors/sdkerror.go
  - internal/sdk/types/bigint.go
  - internal/sdk/types/date.go
  - internal/sdk/types/datetime.go
  - internal/sdk/types/decimal.go
  - internal/sdk/types/pointers.go
  - internal/sdk/internal/utils/contenttype.go
  - internal/sdk/internal/utils/form.go
  - internal/sdk/internal/utils/headers.go
  - internal/sdk/internal/utils/json.go
  - internal/sdk/internal/utils/pathparams.go
  - internal/sdk/internal/utils/queryparams.go
  - internal/sdk/internal/utils/requestbody.go
  - internal/sdk/internal/utils/retries.go
  - internal/sdk/internal/utils/security.go
  - internal/sdk/internal/utils/utils.go
  - internal/sdk/models/operations/savestats.go
  - internal/sdk/models/operations/savesyncconfig.go
  - internal/sdk/models/operations/setworkflowinattempt.go
  - internal/sdk/models/operations/createorupdatestate.go
  - internal/sdk/models/operations/getattemptnormalizationstatusesforjob.go
  - internal/sdk/models/operations/writediscovercatalogresult.go
  - internal/sdk/models/operations/createconnection.go
  - internal/sdk/models/operations/deleteconnection.go
  - internal/sdk/models/operations/getconnection.go
  - internal/sdk/models/operations/listallconnectionsforworkspace.go
  - internal/sdk/models/operations/listconnectionsbyactordefinition.go
  - internal/sdk/models/operations/listconnectionsforworkspace.go
  - internal/sdk/models/operations/resetconnection.go
  - internal/sdk/models/operations/resetconnectionstream.go
  - internal/sdk/models/operations/searchconnections.go
  - internal/sdk/models/operations/syncconnection.go
  - internal/sdk/models/operations/updateconnection.go
  - internal/sdk/models/operations/createconnectorbuilderproject.go
  - internal/sdk/models/operations/deleteconnectorbuilderproject.go
  - internal/sdk/models/operations/getconnectorbuilderproject.go
  - internal/sdk/models/operations/listconnectorbuilderprojects.go
  - internal/sdk/models/operations/publishconnectorbuilderproject.go
  - internal/sdk/models/operations/updateconnectorbuilderproject.go
  - internal/sdk/models/operations/createdeclarativesourcedefinitionmanifest.go
  - internal/sdk/models/operations/listdeclarativemanifests.go
  - internal/sdk/models/operations/updatedeclarativemanifestversion.go
  - internal/sdk/models/operations/getdestinationdefinitionspecification.go
  - internal/sdk/models/operations/getspecificationfordestinationid.go
  - internal/sdk/models/operations/createcustomdestinationdefinition.go
  - internal/sdk/models/operations/deletedestinationdefinition.go
  - internal/sdk/models/operations/getdestinationdefinition.go
  - internal/sdk/models/operations/getdestinationdefinitionforworkspace.go
  - internal/sdk/models/operations/grantdestinationdefinitiontoworkspace.go
  - internal/sdk/models/operations/listdestinationdefinitions.go
  - internal/sdk/models/operations/listdestinationdefinitionsforworkspace.go
  - internal/sdk/models/operations/listlatestdestinationdefinitions.go
  - internal/sdk/models/operations/listprivatedestinationdefinitions.go
  - internal/sdk/models/operations/revokedestinationdefinitionfromworkspace.go
  - internal/sdk/models/operations/updatedestinationdefinition.go
  - internal/sdk/models/operations/completedestinationoauth.go
  - internal/sdk/models/operations/getdestinationoauthconsent.go
  - internal/sdk/models/operations/setinstancewidedestinationoauthparams.go
  - internal/sdk/models/operations/checkconnectiontodestination.go
  - internal/sdk/models/operations/checkconnectiontodestinationforupdate.go
  - internal/sdk/models/operations/clonedestination.go
  - internal/sdk/models/operations/createdestination.go
  - internal/sdk/models/operations/deletedestination.go
  - internal/sdk/models/operations/getdestination.go
  - internal/sdk/models/operations/listdestinationsforworkspace.go
  - internal/sdk/models/operations/partialupdatedestination.go
  - internal/sdk/models/operations/searchdestinations.go
  - internal/sdk/models/operations/updatedestination.go
  - internal/sdk/models/operations/gethealthcheck.go
  - internal/sdk/models/operations/canceljob.go
  - internal/sdk/models/operations/getjobdebuginfo.go
  - internal/sdk/models/operations/getjobinfo.go
  - internal/sdk/models/operations/getjobinfolight.go
  - internal/sdk/models/operations/getjobinfowithoutlogs.go
  - internal/sdk/models/operations/getlastreplicationjob.go
  - internal/sdk/models/operations/listjobsfor.go
  - internal/sdk/models/operations/getlogs.go
  - internal/sdk/models/operations/trynotificationconfig.go
  - internal/sdk/models/operations/getopenapispec.go
  - internal/sdk/models/operations/checkoperation.go
  - internal/sdk/models/operations/createoperation.go
  - internal/sdk/models/operations/deleteoperation.go
  - internal/sdk/models/operations/getoperation.go
  - internal/sdk/models/operations/listoperationsforconnection.go
  - internal/sdk/models/operations/updateoperation.go
  - internal/sdk/models/operations/executedestinationcheckconnection.go
  - internal/sdk/models/operations/executesourcecheckconnection.go
  - internal/sdk/models/operations/executesourcediscoverschema.go
  - internal/sdk/models/operations/getsourcedefinitionspecification.go
  - internal/sdk/models/operations/getspecificationforsourceid.go
  - internal/sdk/models/operations/createcustomsourcedefinition.go
  - internal/sdk/models/operations/deletesourcedefinition.go
  - internal/sdk/models/operations/getsourcedefinition.go
  - internal/sdk/models/operations/getsourcedefinitionforworkspace.go
  - internal/sdk/models/operations/grantsourcedefinitiontoworkspace.go
  - internal/sdk/models/operations/listlatestsourcedefinitions.go
  - internal/sdk/models/operations/listprivatesourcedefinitions.go
  - internal/sdk/models/operations/listsourcedefinitions.go
  - internal/sdk/models/operations/listsourcedefinitionsforworkspace.go
  - internal/sdk/models/operations/revokesourcedefinitionfromworkspace.go
  - internal/sdk/models/operations/updatesourcedefinition.go
  - internal/sdk/models/operations/completesourceoauth.go
  - internal/sdk/models/operations/getsourceoauthconsent.go
  - internal/sdk/models/operations/revokesourceoauthtokens.go
  - internal/sdk/models/operations/setinstancewidesourceoauthparams.go
  - internal/sdk/models/operations/applyschemachangeforsource.go
  - internal/sdk/models/operations/checkconnectiontosource.go
  - internal/sdk/models/operations/checkconnectiontosourceforupdate.go
  - internal/sdk/models/operations/clonesource.go
  - internal/sdk/models/operations/createsource.go
  - internal/sdk/models/operations/deletesource.go
  - internal/sdk/models/operations/discoverschemaforsource.go
  - internal/sdk/models/operations/getmostrecentsourceactorcatalog.go
  - internal/sdk/models/operations/getsource.go
  - internal/sdk/models/operations/listsourcesforworkspace.go
  - internal/sdk/models/operations/partialupdatesource.go
  - internal/sdk/models/operations/searchsources.go
  - internal/sdk/models/operations/updatesource.go
  - internal/sdk/models/operations/getstate.go
  - internal/sdk/models/operations/createstreamstatus.go
  - internal/sdk/models/operations/getstreamstatuses.go
  - internal/sdk/models/operations/updatestreamstatus.go
  - internal/sdk/models/operations/getstatetype.go
  - internal/sdk/models/operations/webbackendcheckupdates.go
  - internal/sdk/models/operations/webbackendcreateconnection.go
  - internal/sdk/models/operations/webbackendgetconnection.go
  - internal/sdk/models/operations/webbackendgetworkspacestate.go
  - internal/sdk/models/operations/webbackendlistconnectionsforworkspace.go
  - internal/sdk/models/operations/webbackendlistgeographies.go
  - internal/sdk/models/operations/webbackendupdateconnection.go
  - internal/sdk/models/operations/createworkspace.go
  - internal/sdk/models/operations/deleteworkspace.go
  - internal/sdk/models/operations/getworkspace.go
  - internal/sdk/models/operations/getworkspacebyconnectionid.go
  - internal/sdk/models/operations/getworkspacebyslug.go
  - internal/sdk/models/operations/listworkspaces.go
  - internal/sdk/models/operations/updateworkspace.go
  - internal/sdk/models/operations/updateworkspacefeedback.go
  - internal/sdk/models/operations/updateworkspacename.go
  - internal/sdk/models/shared/internaloperationresult.go
  - internal/sdk/models/shared/savestatsrequestbody.go
  - internal/sdk/models/shared/attemptstreamstats.go
  - internal/sdk/models/shared/attemptstats.go
  - internal/sdk/models/shared/saveattemptsyncconfigrequestbody.go
  - internal/sdk/models/shared/attemptsyncconfig.go
  - internal/sdk/models/shared/connectionstate.go
  - internal/sdk/models/shared/streamstate.go
  - internal/sdk/models/shared/stateblob.go
  - internal/sdk/models/shared/streamdescriptor.go
  - internal/sdk/models/shared/connectionstatetype.go
  - internal/sdk/models/shared/globalstate.go
  - internal/sdk/models/shared/setworkflowinattemptrequestbody.go
  - internal/sdk/models/shared/notfoundknownexceptioninfo.go
  - internal/sdk/models/shared/invalidinputexceptioninfo.go
  - internal/sdk/models/shared/invalidinputproperty.go
  - internal/sdk/models/shared/connectionstatecreateorupdate.go
  - internal/sdk/models/shared/attemptnormalizationstatusreadlist.go
  - internal/sdk/models/shared/attemptnormalizationstatusread.go
  - internal/sdk/models/shared/jobidrequestbody.go
  - internal/sdk/models/shared/discovercatalogresult.go
  - internal/sdk/models/shared/sourcediscoverschemawriterequestbody.go
  - internal/sdk/models/shared/airbytecatalog.go
  - internal/sdk/models/shared/airbytestreamandconfiguration.go
  - internal/sdk/models/shared/airbytestream.go
  - internal/sdk/models/shared/syncmode.go
  - internal/sdk/models/shared/streamjsonschema.go
  - internal/sdk/models/shared/airbytestreamconfiguration.go
  - internal/sdk/models/shared/selectedfieldinfo.go
  - internal/sdk/models/shared/destinationsyncmode.go
  - internal/sdk/models/shared/connectionread.go
  - internal/sdk/models/shared/connectionstatus.go
  - internal/sdk/models/shared/connectionscheduletype.go
  - internal/sdk/models/shared/connectionscheduledata.go
  - internal/sdk/models/shared/connectionschedule.go
  - internal/sdk/models/shared/resourcerequirements.go
  - internal/sdk/models/shared/nonbreakingchangespreference.go
  - internal/sdk/models/shared/namespacedefinitiontype.go
  - internal/sdk/models/shared/geography.go
  - internal/sdk/models/shared/connectioncreate.go
  - internal/sdk/models/shared/connectionidrequestbody.go
  - internal/sdk/models/shared/connectionreadlist.go
  - internal/sdk/models/shared/workspaceidrequestbody.go
  - internal/sdk/models/shared/actordefinitionrequestbody.go
  - internal/sdk/models/shared/actortype.go
  - internal/sdk/models/shared/jobinforead.go
  - internal/sdk/models/shared/jobread.go
  - internal/sdk/models/shared/jobstatus.go
  - internal/sdk/models/shared/resetconfig.go
  - internal/sdk/models/shared/jobconfigtype.go
  - internal/sdk/models/shared/attemptinforead.go
  - internal/sdk/models/shared/logread.go
  - internal/sdk/models/shared/attemptread.go
  - internal/sdk/models/shared/attemptstatus.go
  - internal/sdk/models/shared/attemptfailuresummary.go
  - internal/sdk/models/shared/failurereason.go
  - internal/sdk/models/shared/failuretype.go
  - internal/sdk/models/shared/failureorigin.go
  - internal/sdk/models/shared/connectionstreamrequestbody.go
  - internal/sdk/models/shared/connectionstream.go
  - internal/sdk/models/shared/connectionsearch.go
  - internal/sdk/models/shared/sourcesearch.go
  - internal/sdk/models/shared/destinationsearch.go
  - internal/sdk/models/shared/connectionupdate.go
  - internal/sdk/models/shared/connectorbuilderprojectidwithworkspaceid.go
  - internal/sdk/models/shared/connectorbuilderprojectwithworkspaceid.go
  - internal/sdk/models/shared/connectorbuilderprojectdetails.go
  - internal/sdk/models/shared/declarativemanifest.go
  - internal/sdk/models/shared/connectorbuilderprojectread.go
  - internal/sdk/models/shared/declarativemanifestread.go
  - internal/sdk/models/shared/connectorbuilderprojectdetailsread.go
  - internal/sdk/models/shared/connectorbuilderprojectreadlist.go
  - internal/sdk/models/shared/sourcedefinitionidbody.go
  - internal/sdk/models/shared/connectorbuilderpublishrequestbody.go
  - internal/sdk/models/shared/declarativesourcemanifest.go
  - internal/sdk/models/shared/sourcedefinitionspecification.go
  - internal/sdk/models/shared/existingconnectorbuilderprojectwithworkspaceid.go
  - internal/sdk/models/shared/declarativesourcedefinitioncreatemanifestrequestbody.go
  - internal/sdk/models/shared/declarativemanifestsreadlist.go
  - internal/sdk/models/shared/declarativemanifestversionread.go
  - internal/sdk/models/shared/listdeclarativemanifestsrequestbody.go
  - internal/sdk/models/shared/updateactivemanifestrequestbody.go
  - internal/sdk/models/shared/destinationdefinitionspecificationread.go
  - internal/sdk/models/shared/synchronousjobread.go
  - internal/sdk/models/shared/destinationdefinitionspecification.go
  - internal/sdk/models/shared/advancedauth.go
  - internal/sdk/models/shared/oauthconfigspecification.go
  - internal/sdk/models/shared/destinationdefinitionidwithworkspaceid.go
  - internal/sdk/models/shared/destinationidrequestbody.go
  - internal/sdk/models/shared/destinationdefinitionread.go
  - internal/sdk/models/shared/actordefinitionresourcerequirements.go
  - internal/sdk/models/shared/jobtyperesourcelimit.go
  - internal/sdk/models/shared/jobtype.go
  - internal/sdk/models/shared/releasestage.go
  - internal/sdk/models/shared/normalizationdestinationdefinitionconfig.go
  - internal/sdk/models/shared/customdestinationdefinitioncreate.go
  - internal/sdk/models/shared/destinationdefinitioncreate.go
  - internal/sdk/models/shared/destinationdefinitionidrequestbody.go
  - internal/sdk/models/shared/privatedestinationdefinitionread.go
  - internal/sdk/models/shared/destinationdefinitionreadlist.go
  - internal/sdk/models/shared/privatedestinationdefinitionreadlist.go
  - internal/sdk/models/shared/destinationdefinitionupdate.go
  - internal/sdk/models/shared/completeoauthresponse.go
  - internal/sdk/models/shared/completedestinationoauthrequest.go
  - internal/sdk/models/shared/oauthconsentread.go
  - internal/sdk/models/shared/destinationoauthconsentrequest.go
  - internal/sdk/models/shared/knownexceptioninfo.go
  - internal/sdk/models/shared/setinstancewidedestinationoauthparamsrequestbody.go
  - internal/sdk/models/shared/checkconnectionread.go
  - internal/sdk/models/shared/destinationupdate.go
  - internal/sdk/models/shared/destinationread.go
  - internal/sdk/models/shared/destinationclonerequestbody.go
  - internal/sdk/models/shared/destinationcloneconfiguration.go
  - internal/sdk/models/shared/destinationcreate.go
  - internal/sdk/models/shared/destinationreadlist.go
  - internal/sdk/models/shared/partialdestinationupdate.go
  - internal/sdk/models/shared/healthcheckread.go
  - internal/sdk/models/shared/jobdebuginforead.go
  - internal/sdk/models/shared/workflowstateread.go
  - internal/sdk/models/shared/jobdebugread.go
  - internal/sdk/models/shared/sourcedefinitionread.go
  - internal/sdk/models/shared/jobinfolightread.go
  - internal/sdk/models/shared/joboptionalread.go
  - internal/sdk/models/shared/jobreadlist.go
  - internal/sdk/models/shared/jobwithattemptsread.go
  - internal/sdk/models/shared/joblistrequestbody.go
  - internal/sdk/models/shared/pagination.go
  - internal/sdk/models/shared/logsrequestbody.go
  - internal/sdk/models/shared/logtype.go
  - internal/sdk/models/shared/notificationread.go
  - internal/sdk/models/shared/notification.go
  - internal/sdk/models/shared/slacknotificationconfiguration.go
  - internal/sdk/models/shared/notificationtype.go
  - internal/sdk/models/shared/customerionotificationconfiguration.go
  - internal/sdk/models/shared/checkoperationread.go
  - internal/sdk/models/shared/operatorconfiguration.go
  - internal/sdk/models/shared/operatorwebhook.go
  - internal/sdk/models/shared/operatortype.go
  - internal/sdk/models/shared/operatornormalization.go
  - internal/sdk/models/shared/operatordbt.go
  - internal/sdk/models/shared/operationread.go
  - internal/sdk/models/shared/operationcreate.go
  - internal/sdk/models/shared/operationidrequestbody.go
  - internal/sdk/models/shared/operationreadlist.go
  - internal/sdk/models/shared/operationupdate.go
  - internal/sdk/models/shared/destinationcoreconfig.go
  - internal/sdk/models/shared/sourcecoreconfig.go
  - internal/sdk/models/shared/sourcediscoverschemaread.go
  - internal/sdk/models/shared/catalogdiff.go
  - internal/sdk/models/shared/streamtransform.go
  - internal/sdk/models/shared/fieldtransform.go
  - internal/sdk/models/shared/fieldschemaupdate.go
  - internal/sdk/models/shared/fieldschema.go
  - internal/sdk/models/shared/fieldremove.go
  - internal/sdk/models/shared/fieldadd.go
  - internal/sdk/models/shared/sourcedefinitionspecificationread.go
  - internal/sdk/models/shared/sourcedefinitionidwithworkspaceid.go
  - internal/sdk/models/shared/sourceidrequestbody.go
  - internal/sdk/models/shared/customsourcedefinitioncreate.go
  - internal/sdk/models/shared/sourcedefinitioncreate.go
  - internal/sdk/models/shared/sourcedefinitionidrequestbody.go
  - internal/sdk/models/shared/privatesourcedefinitionread.go
  - internal/sdk/models/shared/sourcedefinitionreadlist.go
  - internal/sdk/models/shared/privatesourcedefinitionreadlist.go
  - internal/sdk/models/shared/sourcedefinitionupdate.go
  - internal/sdk/models/shared/completesourceoauthrequest.go
  - internal/sdk/models/shared/sourceoauthconsentrequest.go
  - internal/sdk/models/shared/revokesourceoauthtokensrequest.go
  - internal/sdk/models/shared/setinstancewidesourceoauthparamsrequestbody.go
  - internal/sdk/models/shared/sourceautopropagatechange.go
  - internal/sdk/models/shared/sourceupdate.go
  - internal/sdk/models/shared/sourceread.go
  - internal/sdk/models/shared/sourceclonerequestbody.go
  - internal/sdk/models/shared/sourcecloneconfiguration.go
  - internal/sdk/models/shared/sourcecreate.go
  - internal/sdk/models/shared/sourcediscoverschemarequestbody.go
  - internal/sdk/models/shared/actorcatalogwithupdatedat.go
  - internal/sdk/models/shared/sourcereadlist.go
  - internal/sdk/models/shared/partialsourceupdate.go
  - internal/sdk/models/shared/streamstatusread.go
  - internal/sdk/models/shared/streamstatusrunstate.go
  - internal/sdk/models/shared/streamstatusjobtype.go
  - internal/sdk/models/shared/streamstatusincompleteruncause.go
  - internal/sdk/models/shared/streamstatuscreaterequestbody.go
  - internal/sdk/models/shared/streamstatusreadlist.go
  - internal/sdk/models/shared/streamstatuslistrequestbody.go
  - internal/sdk/models/shared/streamstatusupdaterequestbody.go
  - internal/sdk/models/shared/webbackendcheckupdatesread.go
  - internal/sdk/models/shared/webbackendconnectionread.go
  - internal/sdk/models/shared/schemachange.go
  - internal/sdk/models/shared/webbackendconnectioncreate.go
  - internal/sdk/models/shared/webbackendconnectionrequestbody.go
  - internal/sdk/models/shared/webbackendworkspacestateresult.go
  - internal/sdk/models/shared/webbackendworkspacestate.go
  - internal/sdk/models/shared/webbackendconnectionreadlist.go
  - internal/sdk/models/shared/webbackendconnectionlistitem.go
  - internal/sdk/models/shared/sourcesnippetread.go
  - internal/sdk/models/shared/destinationsnippetread.go
  - internal/sdk/models/shared/webbackendconnectionlistrequestbody.go
  - internal/sdk/models/shared/webbackendgeographieslistresult.go
  - internal/sdk/models/shared/webbackendconnectionupdate.go
  - internal/sdk/models/shared/webbackendoperationcreateorupdate.go
  - internal/sdk/models/shared/workspaceread.go
  - internal/sdk/models/shared/webhookconfigread.go
  - internal/sdk/models/shared/notificationsettings.go
  - internal/sdk/models/shared/notificationitem.go
  - internal/sdk/models/shared/workspacecreate.go
  - internal/sdk/models/shared/webhookconfigwrite.go
  - internal/sdk/models/shared/slugrequestbody.go
  - internal/sdk/models/shared/workspacereadlist.go
  - internal/sdk/models/shared/workspaceupdate.go
  - internal/sdk/models/shared/workspacegivefeedback.go
  - internal/sdk/models/shared/workspaceupdatename.go
  - internal/sdk/models/shared/security.go
  - internal/sdk/.gitignore
  - internal/sdk/models/operations/options.go
  - internal/sdk/.gitattributes
  - internal/sdk/internal/hooks/hooks.go
  - examples/README.md
  - go.mod
  - go.sum
  - internal/planmodifiers/boolplanmodifier/suppress_diff.go
  - internal/planmodifiers/float64planmodifier/suppress_diff.go
  - internal/planmodifiers/int64planmodifier/suppress_diff.go
  - internal/planmodifiers/listplanmodifier/suppress_diff.go
  - internal/planmodifiers/mapplanmodifier/suppress_diff.go
  - internal/planmodifiers/numberplanmodifier/suppress_diff.go
  - internal/planmodifiers/objectplanmodifier/suppress_diff.go
  - internal/planmodifiers/setplanmodifier/suppress_diff.go
  - internal/planmodifiers/stringplanmodifier/suppress_diff.go
  - internal/planmodifiers/utils/state_check.go
  - internal/provider/reflect/diags.go
  - internal/provider/reflect/doc.go
  - internal/provider/reflect/generic_attr_value.go
  - internal/provider/reflect/helpers.go
  - internal/provider/reflect/interfaces.go
  - internal/provider/reflect/into.go
  - internal/provider/reflect/map.go
  - internal/provider/reflect/number.go
  - internal/provider/reflect/options.go
  - internal/provider/reflect/outof.go
  - internal/provider/reflect/pointer.go
  - internal/provider/reflect/primitive.go
  - internal/provider/reflect/slice.go
  - internal/provider/reflect/struct.go
  - internal/provider/utils.go
  - internal/validators/DateValidator.go
  - internal/validators/ExactlyOneChild.go
  - internal/validators/JSONParseValidator.go
  - internal/validators/RFC3339Validator.go
  - internal/validators/boolvalidators/not_null.go
  - internal/validators/float64validators/not_null.go
  - internal/validators/int64validators/not_null.go
  - internal/validators/listvalidators/not_null.go
  - internal/validators/mapvalidators/not_null.go
  - internal/validators/numbervalidators/not_null.go
  - internal/validators/objectvalidators/not_null.go
  - internal/validators/setvalidators/not_null.go
  - internal/validators/stringvalidators/not_null.go
  - main.go
  - terraform-registry-manifest.json
  - tools/tools.go
  - USAGE.md
  - internal/provider/provider.go
  - examples/provider/provider.tf
  - .gitattributes
